// !$*UTF8*$!
{
	archiveVersion = 1;
	classes = {
	};
	objectVersion = 46;
	objects = {

/* Begin PBXBuildFile section */
		DB379EE41D4A9E5200A194A4 /* AppDelegate.swift in Sources */ = {isa = PBXBuildFile; fileRef = DB379EE31D4A9E5200A194A4 /* AppDelegate.swift */; };
		DB379EE61D4A9E5200A194A4 /* ViewController.swift in Sources */ = {isa = PBXBuildFile; fileRef = DB379EE51D4A9E5200A194A4 /* ViewController.swift */; };
		DB379EE81D4A9E5200A194A4 /* Assets.xcassets in Resources */ = {isa = PBXBuildFile; fileRef = DB379EE71D4A9E5200A194A4 /* Assets.xcassets */; };
		DB379EEB1D4A9E5200A194A4 /* Main.storyboard in Resources */ = {isa = PBXBuildFile; fileRef = DB379EE91D4A9E5200A194A4 /* Main.storyboard */; };
/* End PBXBuildFile section */

/* Begin PBXFileReference section */
		DB379EE01D4A9E5200A194A4 /* Extractr.app */ = {isa = PBXFileReference; explicitFileType = wrapper.application; includeInIndex = 0; path = Extractr.app; sourceTree = BUILT_PRODUCTS_DIR; };
		DB379EE31D4A9E5200A194A4 /* AppDelegate.swift */ = {isa = PBXFileReference; lastKnownFileType = sourcecode.swift; path = AppDelegate.swift; sourceTree = "<group>"; };
		DB379EE51D4A9E5200A194A4 /* ViewController.swift */ = {isa = PBXFileReference; lastKnownFileType = sourcecode.swift; path = ViewController.swift; sourceTree = "<group>"; };
		DB379EE71D4A9E5200A194A4 /* Assets.xcassets */ = {isa = PBXFileReference; lastKnownFileType = folder.assetcatalog; path = Assets.xcassets; sourceTree = "<group>"; };
		DB379EEA1D4A9E5200A194A4 /* Base */ = {isa = PBXFileReference; lastKnownFileType = file.storyboard; name = Base; path = Base.lproj/Main.storyboard; sourceTree = "<group>"; };
		DB379EEC1D4A9E5200A194A4 /* Info.plist */ = {isa = PBXFileReference; lastKnownFileType = text.plist.xml; path = Info.plist; sourceTree = "<group>"; };
/* End PBXFileReference section */

/* Begin PBXFrameworksBuildPhase section */
		DB379EDD1D4A9E5200A194A4 /* Frameworks */ = {
			isa = PBXFrameworksBuildPhase;
			buildActionMask = 2147483647;
			files = (
			);
			runOnlyForDeploymentPostprocessing = 0;
		};
/* End PBXFrameworksBuildPhase section */

/* Begin PBXGroup section */
		DB379ED71D4A9E5200A194A4 = {
			isa = PBXGroup;
			children = (
				DB379EE21D4A9E5200A194A4 /* Extractr */,
				DB379EE11D4A9E5200A194A4 /* Products */,
			);
			sourceTree = "<group>";
		};
		DB379EE11D4A9E5200A194A4 /* Products */ = {
			isa = PBXGroup;
			children = (
				DB379EE01D4A9E5200A194A4 /* Extractr.app */,
			);
			name = Products;
			sourceTree = "<group>";
		};
		DB379EE21D4A9E5200A194A4 /* Extractr */ = {
			isa = PBXGroup;
			children = (
				DB379EE31D4A9E5200A194A4 /* AppDelegate.swift */,
				DB379EE51D4A9E5200A194A4 /* ViewController.swift */,
				DB379EE71D4A9E5200A194A4 /* Assets.xcassets */,
				DB379EE91D4A9E5200A194A4 /* Main.storyboard */,
				DB379EEC1D4A9E5200A194A4 /* Info.plist */,
			);
			path = Extractr;
			sourceTree = "<group>";
		};
/* End PBXGroup section */

/* Begin PBXNativeTarget section */
		DB379EDF1D4A9E5200A194A4 /* Extractr */ = {
			isa = PBXNativeTarget;
			buildConfigurationList = DB379EEF1D4A9E5200A194A4 /* Build configuration list for PBXNativeTarget "Extractr" */;
			buildPhases = (
				DB379EDC1D4A9E5200A194A4 /* Sources */,
				DB379EDD1D4A9E5200A194A4 /* Frameworks */,
				DB379EDE1D4A9E5200A194A4 /* Resources */,
			);
			buildRules = (
			);
			dependencies = (
			);
			name = Extractr;
			productName = Extractr;
			productReference = DB379EE01D4A9E5200A194A4 /* Extractr.app */;
			productType = "com.apple.product-type.application";
		};
/* End PBXNativeTarget section */

/* Begin PBXProject section */
		DB379ED81D4A9E5200A194A4 /* Project object */ = {
			isa = PBXProject;
			attributes = {
				LastSwiftUpdateCheck = 0730;
				LastUpgradeCheck = 0730;
				ORGANIZATIONNAME = Tangaroa;
				TargetAttributes = {
					DB379EDF1D4A9E5200A194A4 = {
						CreatedOnToolsVersion = 7.3;
					};
				};
			};
			buildConfigurationList = DB379EDB1D4A9E5200A194A4 /* Build configuration list for PBXProject "Extractr" */;
			compatibilityVersion = "Xcode 3.2";
			developmentRegion = English;
			hasScannedForEncodings = 0;
			knownRegions = (
				en,
				Base,
			);
			mainGroup = DB379ED71D4A9E5200A194A4;
			productRefGroup = DB379EE11D4A9E5200A194A4 /* Products */;
			projectDirPath = "";
			projectRoot = "";
			targets = (
				DB379EDF1D4A9E5200A194A4 /* Extractr */,
			);
		};
/* End PBXProject section */

/* Begin PBXResourcesBuildPhase section */
		DB379EDE1D4A9E5200A194A4 /* Resources */ = {
			isa = PBXResourcesBuildPhase;
			buildActionMask = 2147483647;
			files = (
				DB379EE81D4A9E5200A194A4 /* Assets.xcassets in Resources */,
				DB379EEB1D4A9E5200A194A4 /* Main.storyboard in Resources */,
			);
			runOnlyForDeploymentPostprocessing = 0;
		};
/* End PBXResourcesBuildPhase section */

/* Begin PBXSourcesBuildPhase section */
		DB379EDC1D4A9E5200A194A4 /* Sources */ = {
			isa = PBXSourcesBuildPhase;
			buildActionMask = 2147483647;
			files = (
				DB379EE61D4A9E5200A194A4 /* ViewController.swift in Sources */,
				DB379EE41D4A9E5200A194A4 /* AppDelegate.swift in Sources */,
			);
			runOnlyForDeploymentPostprocessing = 0;
		};
/* End PBXSourcesBuildPhase section */

/* Begin PBXVariantGroup section */
		DB379EE91D4A9E5200A194A4 /* Main.storyboard */ = {
			isa = PBXVariantGroup;
			children = (
				DB379EEA1D4A9E5200A194A4 /* Base */,
			);
			name = Main.storyboard;
			sourceTree = "<group>";
		};
/* End PBXVariantGroup section */

/* Begin XCBuildConfiguration section */
		DB379EED1D4A9E5200A194A4 /* Debug */ = {
			isa = XCBuildConfiguration;
			buildSettings = {
				ALWAYS_SEARCH_USER_PATHS = NO;
				CLANG_ANALYZER_NONNULL = YES;
				CLANG_CXX_LANGUAGE_STANDARD = "gnu++0x";
				CLANG_CXX_LIBRARY = "libc++";
				CLANG_ENABLE_MODULES = YES;
				CLANG_ENABLE_OBJC_ARC = YES;
				CLANG_WARN_BOOL_CONVERSION = YES;
				CLANG_WARN_CONSTANT_CONVERSION = YES;
				CLANG_WARN_DIRECT_OBJC_ISA_USAGE = YES_ERROR;
				CLANG_WARN_EMPTY_BODY = YES;
				CLANG_WARN_ENUM_CONVERSION = YES;
				CLANG_WARN_INT_CONVERSION = YES;
				CLANG_WARN_OBJC_ROOT_CLASS = YES_ERROR;
				CLANG_WARN_UNREACHABLE_CODE = YES;
				CLANG_WARN__DUPLICATE_METHOD_MATCH = YES;
				CODE_SIGN_IDENTITY = "-";
				COPY_PHASE_STRIP = NO;
				DEBUG_INFORMATION_FORMAT = dwarf;
				ENABLE_STRICT_OBJC_MSGSEND = YES;
				ENABLE_TESTABILITY = YES;
				GCC_C_LANGUAGE_STANDARD = gnu99;
				GCC_DYNAMIC_NO_PIC = NO;
				GCC_NO_COMMON_BLOCKS = YES;
				GCC_OPTIMIZATION_LEVEL = 0;
				GCC_PREPROCESSOR_DEFINITIONS = (
					"DEBUG=1",
					"$(inherited)",
				);
				GCC_WARN_64_TO_32_BIT_CONVERSION = YES;
				GCC_WARN_ABOUT_RETURN_TYPE = YES_ERROR;
				GCC_WARN_UNDECLARED_SELECTOR = YES;
				GCC_WARN_UNINITIALIZED_AUTOS = YES_AGGRESSIVE;
				GCC_WARN_UNUSED_FUNCTION = YES;
				GCC_WARN_UNUSED_VARIABLE = YES;
				MACOSX_DEPLOYMENT_TARGET = 10.11;
				MTL_ENABLE_DEBUG_INFO = YES;
				ONLY_ACTIVE_ARCH = YES;
				SDKROOT = macosx;
				SWIFT_OPTIMIZATION_LEVEL = "-Onone";
			};
			name = Debug;
		};
		DB379EEE1D4A9E5200A194A4 /* Release */ = {
			isa = XCBuildConfiguration;
			buildSettings = {
				ALWAYS_SEARCH_USER_PATHS = NO;
				CLANG_ANALYZER_NONNULL = YES;
				CLANG_CXX_LANGUAGE_STANDARD = "gnu++0x";
				CLANG_CXX_LIBRARY = "libc++";
				CLANG_ENABLE_MODULES = YES;
				CLANG_ENABLE_OBJC_ARC = YES;
				CLANG_WARN_BOOL_CONVERSION = YES;
				CLANG_WARN_CONSTANT_CONVERSION = YES;
				CLANG_WARN_DIRECT_OBJC_ISA_USAGE = YES_ERROR;
				CLANG_WARN_EMPTY_BODY = YES;
				CLANG_WARN_ENUM_CONVERSION = YES;
				CLANG_WARN_INT_CONVERSION = YES;
				CLANG_WARN_OBJC_ROOT_CLASS = YES_ERROR;
				CLANG_WARN_UNREACHABLE_CODE = YES;
				CLANG_WARN__DUPLICATE_METHOD_MATCH = YES;
				CODE_SIGN_IDENTITY = "-";
				COPY_PHASE_STRIP = NO;
				DEBUG_INFORMATION_FORMAT = "dwarf-with-dsym";
				ENABLE_NS_ASSERTIONS = NO;
				ENABLE_STRICT_OBJC_MSGSEND = YES;
				GCC_C_LANGUAGE_STANDARD = gnu99;
				GCC_NO_COMMON_BLOCKS = YES;
				GCC_WARN_64_TO_32_BIT_CONVERSION = YES;
				GCC_WARN_ABOUT_RETURN_TYPE = YES_ERROR;
				GCC_WARN_UNDECLARED_SELECTOR = YES;
				GCC_WARN_UNINITIALIZED_AUTOS = YES_AGGRESSIVE;
				GCC_WARN_UNUSED_FUNCTION = YES;
				GCC_WARN_UNUSED_VARIABLE = YES;
				MACOSX_DEPLOYMENT_TARGET = 10.11;
				MTL_ENABLE_DEBUG_INFO = NO;
				SDKROOT = macosx;
			};
			name = Release;
		};
		DB379EF01D4A9E5200A194A4 /* Debug */ = {
			isa = XCBuildConfiguration;
			buildSettings = {
				ASSETCATALOG_COMPILER_APPICON_NAME = AppIcon;
				COMBINE_HIDPI_IMAGES = YES;
				INFOPLIST_FILE = Extractr/Info.plist;
				LD_RUNPATH_SEARCH_PATHS = "$(inherited) @executable_path/../Frameworks";
				PRODUCT_BUNDLE_IDENTIFIER = co.tangaroa.Extractr;
				PRODUCT_NAME = "$(TARGET_NAME)";
			};
			name = Debug;
		};
		DB379EF11D4A9E5200A194A4 /* Release */ = {
			isa = XCBuildConfiguration;
			buildSettings = {
				ASSETCATALOG_COMPILER_APPICON_NAME = AppIcon;
				COMBINE_HIDPI_IMAGES = YES;
				INFOPLIST_FILE = Extractr/Info.plist;
				LD_RUNPATH_SEARCH_PATHS = "$(inherited) @executable_path/../Frameworks";
				PRODUCT_BUNDLE_IDENTIFIER = co.tangaroa.Extractr;
				PRODUCT_NAME = "$(TARGET_NAME)";
			};
			name = Release;
		};
/* End XCBuildConfiguration section */

/* Begin XCConfigurationList section */
		DB379EDB1D4A9E5200A194A4 /* Build configuration list for PBXProject "Extractr" */ = {
			isa = XCConfigurationList;
			buildConfigurations = (
				DB379EED1D4A9E5200A194A4 /* Debug */,
				DB379EEE1D4A9E5200A194A4 /* Release */,
			);
			defaultConfigurationIsVisible = 0;
			defaultConfigurationName = Release;
		};
		DB379EEF1D4A9E5200A194A4 /* Build configuration list for PBXNativeTarget "Extractr" */ = {
			isa = XCConfigurationList;
			buildConfigurations = (
				DB379EF01D4A9E5200A194A4 /* Debug */,
				DB379EF11D4A9E5200A194A4 /* Release */,
			);
			defaultConfigurationIsVisible = 0;
		};
/* End XCConfigurationList section */
	};
	rootObject = DB379ED81D4A9E5200A194A4 /* Project object */;
}
